// !$*UTF8*$!
{
	archiveVersion = 1;
	classes = {
	};
	objectVersion = 51;
	objects = {

/* Begin PBXBuildFile section */
		630801C126C18D0600D4BA3F /* LoginViewController.swift in Sources */ = {isa = PBXBuildFile; fileRef = 630801C026C18D0600D4BA3F /* LoginViewController.swift */; };
		630801C326C18D1F00D4BA3F /* RegisterViewController.swift in Sources */ = {isa = PBXBuildFile; fileRef = 630801C226C18D1F00D4BA3F /* RegisterViewController.swift */; };
		630801C526C18D7300D4BA3F /* PhotoViewerViewController.swift in Sources */ = {isa = PBXBuildFile; fileRef = 630801C426C18D7300D4BA3F /* PhotoViewerViewController.swift */; };
		630801C726C18D8A00D4BA3F /* VideoPlayerViewController.swift in Sources */ = {isa = PBXBuildFile; fileRef = 630801C626C18D8A00D4BA3F /* VideoPlayerViewController.swift */; };
		630801C926C18DBC00D4BA3F /* NewConversationViewController.swift in Sources */ = {isa = PBXBuildFile; fileRef = 630801C826C18DBC00D4BA3F /* NewConversationViewController.swift */; };
		630801CB26C18DD100D4BA3F /* ProfileViewController.swift in Sources */ = {isa = PBXBuildFile; fileRef = 630801CA26C18DD100D4BA3F /* ProfileViewController.swift */; };
		630801CE26C1B94100D4BA3F /* Extensions.swift in Sources */ = {isa = PBXBuildFile; fileRef = 630801CD26C1B94100D4BA3F /* Extensions.swift */; };
		630801D026C6E0C200D4BA3F /* GoogleService-Info.plist in Resources */ = {isa = PBXBuildFile; fileRef = 630801CF26C6E0C200D4BA3F /* GoogleService-Info.plist */; };
		63A5F42526C1744800B42C34 /* AppDelegate.swift in Sources */ = {isa = PBXBuildFile; fileRef = 63A5F42426C1744800B42C34 /* AppDelegate.swift */; };
		63A5F42726C1744800B42C34 /* SceneDelegate.swift in Sources */ = {isa = PBXBuildFile; fileRef = 63A5F42626C1744800B42C34 /* SceneDelegate.swift */; };
		63A5F42926C1744800B42C34 /* ConversationsViewController.swift in Sources */ = {isa = PBXBuildFile; fileRef = 63A5F42826C1744800B42C34 /* ConversationsViewController.swift */; };
		63A5F42C26C1744800B42C34 /* Main.storyboard in Resources */ = {isa = PBXBuildFile; fileRef = 63A5F42A26C1744800B42C34 /* Main.storyboard */; };
		63A5F42E26C1744900B42C34 /* Assets.xcassets in Resources */ = {isa = PBXBuildFile; fileRef = 63A5F42D26C1744900B42C34 /* Assets.xcassets */; };
		63A5F43126C1744900B42C34 /* LaunchScreen.storyboard in Resources */ = {isa = PBXBuildFile; fileRef = 63A5F42F26C1744900B42C34 /* LaunchScreen.storyboard */; };
		F0D0B2A23937D82D031A0374 /* Pods_Messenger_Clone.framework in Frameworks */ = {isa = PBXBuildFile; fileRef = ED8B5F390B6B0ED74D8E15F9 /* Pods_Messenger_Clone.framework */; };
/* End PBXBuildFile section */

/* Begin PBXFileReference section */
		203E3481287E6105C76FF379 /* Pods-Messenger Clone.debug.xcconfig */ = {isa = PBXFileReference; includeInIndex = 1; lastKnownFileType = text.xcconfig; name = "Pods-Messenger Clone.debug.xcconfig"; path = "Target Support Files/Pods-Messenger Clone/Pods-Messenger Clone.debug.xcconfig"; sourceTree = "<group>"; };
		630801C026C18D0600D4BA3F /* LoginViewController.swift */ = {isa = PBXFileReference; lastKnownFileType = sourcecode.swift; path = LoginViewController.swift; sourceTree = "<group>"; };
		630801C226C18D1F00D4BA3F /* RegisterViewController.swift */ = {isa = PBXFileReference; lastKnownFileType = sourcecode.swift; path = RegisterViewController.swift; sourceTree = "<group>"; };
		630801C426C18D7300D4BA3F /* PhotoViewerViewController.swift */ = {isa = PBXFileReference; lastKnownFileType = sourcecode.swift; path = PhotoViewerViewController.swift; sourceTree = "<group>"; };
		630801C626C18D8A00D4BA3F /* VideoPlayerViewController.swift */ = {isa = PBXFileReference; lastKnownFileType = sourcecode.swift; path = VideoPlayerViewController.swift; sourceTree = "<group>"; };
		630801C826C18DBC00D4BA3F /* NewConversationViewController.swift */ = {isa = PBXFileReference; lastKnownFileType = sourcecode.swift; path = NewConversationViewController.swift; sourceTree = "<group>"; };
		630801CA26C18DD100D4BA3F /* ProfileViewController.swift */ = {isa = PBXFileReference; lastKnownFileType = sourcecode.swift; path = ProfileViewController.swift; sourceTree = "<group>"; };
		630801CD26C1B94100D4BA3F /* Extensions.swift */ = {isa = PBXFileReference; lastKnownFileType = sourcecode.swift; path = Extensions.swift; sourceTree = "<group>"; };
		630801CF26C6E0C200D4BA3F /* GoogleService-Info.plist */ = {isa = PBXFileReference; fileEncoding = 4; lastKnownFileType = text.plist.xml; path = "GoogleService-Info.plist"; sourceTree = "<group>"; };
		63A5F42126C1744800B42C34 /* Messenger Clone.app */ = {isa = PBXFileReference; explicitFileType = wrapper.application; includeInIndex = 0; path = "Messenger Clone.app"; sourceTree = BUILT_PRODUCTS_DIR; };
		63A5F42426C1744800B42C34 /* AppDelegate.swift */ = {isa = PBXFileReference; lastKnownFileType = sourcecode.swift; path = AppDelegate.swift; sourceTree = "<group>"; };
		63A5F42626C1744800B42C34 /* SceneDelegate.swift */ = {isa = PBXFileReference; lastKnownFileType = sourcecode.swift; path = SceneDelegate.swift; sourceTree = "<group>"; };
		63A5F42826C1744800B42C34 /* ConversationsViewController.swift */ = {isa = PBXFileReference; lastKnownFileType = sourcecode.swift; path = ConversationsViewController.swift; sourceTree = "<group>"; };
		63A5F42B26C1744800B42C34 /* Base */ = {isa = PBXFileReference; lastKnownFileType = file.storyboard; name = Base; path = Base.lproj/Main.storyboard; sourceTree = "<group>"; };
		63A5F42D26C1744900B42C34 /* Assets.xcassets */ = {isa = PBXFileReference; lastKnownFileType = folder.assetcatalog; path = Assets.xcassets; sourceTree = "<group>"; };
		63A5F43026C1744900B42C34 /* Base */ = {isa = PBXFileReference; lastKnownFileType = file.storyboard; name = Base; path = Base.lproj/LaunchScreen.storyboard; sourceTree = "<group>"; };
		63A5F43226C1744900B42C34 /* Info.plist */ = {isa = PBXFileReference; lastKnownFileType = text.plist.xml; path = Info.plist; sourceTree = "<group>"; };
		9E3C3CB9BFB3D3D56C8905B5 /* Pods-Messenger Clone.release.xcconfig */ = {isa = PBXFileReference; includeInIndex = 1; lastKnownFileType = text.xcconfig; name = "Pods-Messenger Clone.release.xcconfig"; path = "Target Support Files/Pods-Messenger Clone/Pods-Messenger Clone.release.xcconfig"; sourceTree = "<group>"; };
		ED8B5F390B6B0ED74D8E15F9 /* Pods_Messenger_Clone.framework */ = {isa = PBXFileReference; explicitFileType = wrapper.framework; includeInIndex = 0; path = Pods_Messenger_Clone.framework; sourceTree = BUILT_PRODUCTS_DIR; };
/* End PBXFileReference section */

/* Begin PBXFrameworksBuildPhase section */
		63A5F41E26C1744800B42C34 /* Frameworks */ = {
			isa = PBXFrameworksBuildPhase;
			buildActionMask = 2147483647;
			files = (
				F0D0B2A23937D82D031A0374 /* Pods_Messenger_Clone.framework in Frameworks */,
			);
			runOnlyForDeploymentPostprocessing = 0;
		};
/* End PBXFrameworksBuildPhase section */

/* Begin PBXGroup section */
		4508CCE76469D66B3BD1224E /* Pods */ = {
			isa = PBXGroup;
			children = (
				203E3481287E6105C76FF379 /* Pods-Messenger Clone.debug.xcconfig */,
				9E3C3CB9BFB3D3D56C8905B5 /* Pods-Messenger Clone.release.xcconfig */,
			);
			path = Pods;
			sourceTree = "<group>";
		};
		4E1D299D6F66FF682AC22298 /* Frameworks */ = {
			isa = PBXGroup;
			children = (
				ED8B5F390B6B0ED74D8E15F9 /* Pods_Messenger_Clone.framework */,
			);
			name = Frameworks;
			sourceTree = "<group>";
		};
		630801BA26C18B2000D4BA3F /* Views */ = {
			isa = PBXGroup;
			children = (
				630801BF26C18BBC00D4BA3F /* StoryBoards */,
				63A5F42D26C1744900B42C34 /* Assets.xcassets */,
			);
			path = Views;
			sourceTree = "<group>";
		};
		630801BB26C18B3A00D4BA3F /* Controllers */ = {
			isa = PBXGroup;
			children = (
				63A5F42826C1744800B42C34 /* ConversationsViewController.swift */,
				630801CC26C19F9100D4BA3F /* Login */,
				630801C426C18D7300D4BA3F /* PhotoViewerViewController.swift */,
				630801C626C18D8A00D4BA3F /* VideoPlayerViewController.swift */,
				630801C826C18DBC00D4BA3F /* NewConversationViewController.swift */,
				630801CA26C18DD100D4BA3F /* ProfileViewController.swift */,
			);
			path = Controllers;
			sourceTree = "<group>";
		};
		630801BC26C18B4300D4BA3F /* Models */ = {
			isa = PBXGroup;
			children = (
			);
			path = Models;
			sourceTree = "<group>";
		};
		630801BD26C18B5A00D4BA3F /* ViewModels */ = {
			isa = PBXGroup;
			children = (
			);
			path = ViewModels;
			sourceTree = "<group>";
		};
		630801BE26C18B7600D4BA3F /* Resources */ = {
			isa = PBXGroup;
			children = (
				63A5F42426C1744800B42C34 /* AppDelegate.swift */,
				63A5F42626C1744800B42C34 /* SceneDelegate.swift */,
				630801CD26C1B94100D4BA3F /* Extensions.swift */,
			);
			path = Resources;
			sourceTree = "<group>";
		};
		630801BF26C18BBC00D4BA3F /* StoryBoards */ = {
			isa = PBXGroup;
			children = (
				63A5F42A26C1744800B42C34 /* Main.storyboard */,
				63A5F42F26C1744900B42C34 /* LaunchScreen.storyboard */,
			);
			path = StoryBoards;
			sourceTree = "<group>";
		};
		630801CC26C19F9100D4BA3F /* Login */ = {
			isa = PBXGroup;
			children = (
				630801C026C18D0600D4BA3F /* LoginViewController.swift */,
				630801C226C18D1F00D4BA3F /* RegisterViewController.swift */,
			);
			path = Login;
			sourceTree = "<group>";
		};
		63A5F41826C1744800B42C34 = {
			isa = PBXGroup;
			children = (
				63A5F42326C1744800B42C34 /* Messenger Clone */,
				63A5F42226C1744800B42C34 /* Products */,
				4508CCE76469D66B3BD1224E /* Pods */,
				4E1D299D6F66FF682AC22298 /* Frameworks */,
			);
			sourceTree = "<group>";
		};
		63A5F42226C1744800B42C34 /* Products */ = {
			isa = PBXGroup;
			children = (
				63A5F42126C1744800B42C34 /* Messenger Clone.app */,
			);
			name = Products;
			sourceTree = "<group>";
		};
		63A5F42326C1744800B42C34 /* Messenger Clone */ = {
			isa = PBXGroup;
			children = (
				630801CF26C6E0C200D4BA3F /* GoogleService-Info.plist */,
				630801BE26C18B7600D4BA3F /* Resources */,
				630801BD26C18B5A00D4BA3F /* ViewModels */,
				630801BC26C18B4300D4BA3F /* Models */,
				630801BA26C18B2000D4BA3F /* Views */,
				630801BB26C18B3A00D4BA3F /* Controllers */,
				63A5F43226C1744900B42C34 /* Info.plist */,
			);
			path = "Messenger Clone";
			sourceTree = "<group>";
		};
/* End PBXGroup section */

/* Begin PBXNativeTarget section */
		63A5F42026C1744800B42C34 /* Messenger Clone */ = {
			isa = PBXNativeTarget;
			buildConfigurationList = 63A5F43526C1744900B42C34 /* Build configuration list for PBXNativeTarget "Messenger Clone" */;
			buildPhases = (
				1598C81B21F27387CA81608A /* [CP] Check Pods Manifest.lock */,
				63A5F41D26C1744800B42C34 /* Sources */,
				63A5F41E26C1744800B42C34 /* Frameworks */,
				63A5F41F26C1744800B42C34 /* Resources */,
				E22D7FBE597BC506EC8FC320 /* [CP] Embed Pods Frameworks */,
			);
			buildRules = (
			);
			dependencies = (
			);
			name = "Messenger Clone";
			productName = "Messenger Clone";
			productReference = 63A5F42126C1744800B42C34 /* Messenger Clone.app */;
			productType = "com.apple.product-type.application";
		};
/* End PBXNativeTarget section */

/* Begin PBXProject section */
		63A5F41926C1744800B42C34 /* Project object */ = {
			isa = PBXProject;
			attributes = {
				LastSwiftUpdateCheck = 1250;
				LastUpgradeCheck = 1250;
				TargetAttributes = {
					63A5F42026C1744800B42C34 = {
						CreatedOnToolsVersion = 12.5.1;
					};
				};
			};
			buildConfigurationList = 63A5F41C26C1744800B42C34 /* Build configuration list for PBXProject "Messenger Clone" */;
			compatibilityVersion = "Xcode 9.3";
			developmentRegion = en;
			hasScannedForEncodings = 0;
			knownRegions = (
				en,
				Base,
			);
			mainGroup = 63A5F41826C1744800B42C34;
			productRefGroup = 63A5F42226C1744800B42C34 /* Products */;
			projectDirPath = "";
			projectRoot = "";
			targets = (
				63A5F42026C1744800B42C34 /* Messenger Clone */,
			);
		};
/* End PBXProject section */

/* Begin PBXResourcesBuildPhase section */
		63A5F41F26C1744800B42C34 /* Resources */ = {
			isa = PBXResourcesBuildPhase;
			buildActionMask = 2147483647;
			files = (
				63A5F43126C1744900B42C34 /* LaunchScreen.storyboard in Resources */,
				630801D026C6E0C200D4BA3F /* GoogleService-Info.plist in Resources */,
				63A5F42E26C1744900B42C34 /* Assets.xcassets in Resources */,
				63A5F42C26C1744800B42C34 /* Main.storyboard in Resources */,
			);
			runOnlyForDeploymentPostprocessing = 0;
		};
/* End PBXResourcesBuildPhase section */

/* Begin PBXShellScriptBuildPhase section */
		1598C81B21F27387CA81608A /* [CP] Check Pods Manifest.lock */ = {
			isa = PBXShellScriptBuildPhase;
			buildActionMask = 2147483647;
			files = (
			);
			inputFileListPaths = (
			);
			inputPaths = (
				"${PODS_PODFILE_DIR_PATH}/Podfile.lock",
				"${PODS_ROOT}/Manifest.lock",
			);
			name = "[CP] Check Pods Manifest.lock";
			outputFileListPaths = (
			);
			outputPaths = (
				"$(DERIVED_FILE_DIR)/Pods-Messenger Clone-checkManifestLockResult.txt",
			);
			runOnlyForDeploymentPostprocessing = 0;
			shellPath = /bin/sh;
			shellScript = "diff \"${PODS_PODFILE_DIR_PATH}/Podfile.lock\" \"${PODS_ROOT}/Manifest.lock\" > /dev/null\nif [ $? != 0 ] ; then\n    # print error to STDERR\n    echo \"error: The sandbox is not in sync with the Podfile.lock. Run 'pod install' or update your CocoaPods installation.\" >&2\n    exit 1\nfi\n# This output is used by Xcode 'outputs' to avoid re-running this script phase.\necho \"SUCCESS\" > \"${SCRIPT_OUTPUT_FILE_0}\"\n";
			showEnvVarsInLog = 0;
		};
		E22D7FBE597BC506EC8FC320 /* [CP] Embed Pods Frameworks */ = {
			isa = PBXShellScriptBuildPhase;
			buildActionMask = 2147483647;
			files = (
			);
			inputFileListPaths = (
				"${PODS_ROOT}/Target Support Files/Pods-Messenger Clone/Pods-Messenger Clone-frameworks-${CONFIGURATION}-input-files.xcfilelist",
			);
			name = "[CP] Embed Pods Frameworks";
			outputFileListPaths = (
				"${PODS_ROOT}/Target Support Files/Pods-Messenger Clone/Pods-Messenger Clone-frameworks-${CONFIGURATION}-output-files.xcfilelist",
			);
			runOnlyForDeploymentPostprocessing = 0;
			shellPath = /bin/sh;
			shellScript = "\"${PODS_ROOT}/Target Support Files/Pods-Messenger Clone/Pods-Messenger Clone-frameworks.sh\"\n";
			showEnvVarsInLog = 0;
		};
/* End PBXShellScriptBuildPhase section */

/* Begin PBXSourcesBuildPhase section */
		63A5F41D26C1744800B42C34 /* Sources */ = {
			isa = PBXSourcesBuildPhase;
			buildActionMask = 2147483647;
			files = (
				630801C126C18D0600D4BA3F /* LoginViewController.swift in Sources */,
				630801C326C18D1F00D4BA3F /* RegisterViewController.swift in Sources */,
				630801C926C18DBC00D4BA3F /* NewConversationViewController.swift in Sources */,
				63A5F42926C1744800B42C34 /* ConversationsViewController.swift in Sources */,
				630801C726C18D8A00D4BA3F /* VideoPlayerViewController.swift in Sources */,
				630801CE26C1B94100D4BA3F /* Extensions.swift in Sources */,
				63A5F42526C1744800B42C34 /* AppDelegate.swift in Sources */,
				630801CB26C18DD100D4BA3F /* ProfileViewController.swift in Sources */,
				63A5F42726C1744800B42C34 /* SceneDelegate.swift in Sources */,
				630801C526C18D7300D4BA3F /* PhotoViewerViewController.swift in Sources */,
			);
			runOnlyForDeploymentPostprocessing = 0;
		};
/* End PBXSourcesBuildPhase section */

/* Begin PBXVariantGroup section */
		63A5F42A26C1744800B42C34 /* Main.storyboard */ = {
			isa = PBXVariantGroup;
			children = (
				63A5F42B26C1744800B42C34 /* Base */,
			);
			name = Main.storyboard;
			sourceTree = "<group>";
		};
		63A5F42F26C1744900B42C34 /* LaunchScreen.storyboard */ = {
			isa = PBXVariantGroup;
			children = (
				63A5F43026C1744900B42C34 /* Base */,
			);
			name = LaunchScreen.storyboard;
			sourceTree = "<group>";
		};
/* End PBXVariantGroup section */

/* Begin XCBuildConfiguration section */
		63A5F43326C1744900B42C34 /* Debug */ = {
			isa = XCBuildConfiguration;
			buildSettings = {
				ALWAYS_SEARCH_USER_PATHS = NO;
				CLANG_ANALYZER_NONNULL = YES;
				CLANG_ANALYZER_NUMBER_OBJECT_CONVERSION = YES_AGGRESSIVE;
				CLANG_CXX_LANGUAGE_STANDARD = "gnu++14";
				CLANG_CXX_LIBRARY = "libc++";
				CLANG_ENABLE_MODULES = YES;
				CLANG_ENABLE_OBJC_ARC = YES;
				CLANG_ENABLE_OBJC_WEAK = YES;
				CLANG_WARN_BLOCK_CAPTURE_AUTORELEASING = YES;
				CLANG_WARN_BOOL_CONVERSION = YES;
				CLANG_WARN_COMMA = YES;
				CLANG_WARN_CONSTANT_CONVERSION = YES;
				CLANG_WARN_DEPRECATED_OBJC_IMPLEMENTATIONS = YES;
				CLANG_WARN_DIRECT_OBJC_ISA_USAGE = YES_ERROR;
				CLANG_WARN_DOCUMENTATION_COMMENTS = YES;
				CLANG_WARN_EMPTY_BODY = YES;
				CLANG_WARN_ENUM_CONVERSION = YES;
				CLANG_WARN_INFINITE_RECURSION = YES;
				CLANG_WARN_INT_CONVERSION = YES;
				CLANG_WARN_NON_LITERAL_NULL_CONVERSION = YES;
				CLANG_WARN_OBJC_IMPLICIT_RETAIN_SELF = YES;
				CLANG_WARN_OBJC_LITERAL_CONVERSION = YES;
				CLANG_WARN_OBJC_ROOT_CLASS = YES_ERROR;
				CLANG_WARN_QUOTED_INCLUDE_IN_FRAMEWORK_HEADER = YES;
				CLANG_WARN_RANGE_LOOP_ANALYSIS = YES;
				CLANG_WARN_STRICT_PROTOTYPES = YES;
				CLANG_WARN_SUSPICIOUS_MOVE = YES;
				CLANG_WARN_UNGUARDED_AVAILABILITY = YES_AGGRESSIVE;
				CLANG_WARN_UNREACHABLE_CODE = YES;
				CLANG_WARN__DUPLICATE_METHOD_MATCH = YES;
				COPY_PHASE_STRIP = NO;
				DEBUG_INFORMATION_FORMAT = dwarf;
				ENABLE_STRICT_OBJC_MSGSEND = YES;
				ENABLE_TESTABILITY = YES;
				GCC_C_LANGUAGE_STANDARD = gnu11;
				GCC_DYNAMIC_NO_PIC = NO;
				GCC_NO_COMMON_BLOCKS = YES;
				GCC_OPTIMIZATION_LEVEL = 0;
				GCC_PREPROCESSOR_DEFINITIONS = (
					"DEBUG=1",
					"$(inherited)",
				);
				GCC_WARN_64_TO_32_BIT_CONVERSION = YES;
				GCC_WARN_ABOUT_RETURN_TYPE = YES_ERROR;
				GCC_WARN_UNDECLARED_SELECTOR = YES;
				GCC_WARN_UNINITIALIZED_AUTOS = YES_AGGRESSIVE;
				GCC_WARN_UNUSED_FUNCTION = YES;
				GCC_WARN_UNUSED_VARIABLE = YES;
				IPHONEOS_DEPLOYMENT_TARGET = 14.5;
				MTL_ENABLE_DEBUG_INFO = INCLUDE_SOURCE;
				MTL_FAST_MATH = YES;
				ONLY_ACTIVE_ARCH = YES;
				SDKROOT = iphoneos;
				SWIFT_ACTIVE_COMPILATION_CONDITIONS = DEBUG;
				SWIFT_OPTIMIZATION_LEVEL = "-Onone";
			};
			name = Debug;
		};
		63A5F43426C1744900B42C34 /* Release */ = {
			isa = XCBuildConfiguration;
			buildSettings = {
				ALWAYS_SEARCH_USER_PATHS = NO;
				CLANG_ANALYZER_NONNULL = YES;
				CLANG_ANALYZER_NUMBER_OBJECT_CONVERSION = YES_AGGRESSIVE;
				CLANG_CXX_LANGUAGE_STANDARD = "gnu++14";
				CLANG_CXX_LIBRARY = "libc++";
				CLANG_ENABLE_MODULES = YES;
				CLANG_ENABLE_OBJC_ARC = YES;
				CLANG_ENABLE_OBJC_WEAK = YES;
				CLANG_WARN_BLOCK_CAPTURE_AUTORELEASING = YES;
				CLANG_WARN_BOOL_CONVERSION = YES;
				CLANG_WARN_COMMA = YES;
				CLANG_WARN_CONSTANT_CONVERSION = YES;
				CLANG_WARN_DEPRECATED_OBJC_IMPLEMENTATIONS = YES;
				CLANG_WARN_DIRECT_OBJC_ISA_USAGE = YES_ERROR;
				CLANG_WARN_DOCUMENTATION_COMMENTS = YES;
				CLANG_WARN_EMPTY_BODY = YES;
				CLANG_WARN_ENUM_CONVERSION = YES;
				CLANG_WARN_INFINITE_RECURSION = YES;
				CLANG_WARN_INT_CONVERSION = YES;
				CLANG_WARN_NON_LITERAL_NULL_CONVERSION = YES;
				CLANG_WARN_OBJC_IMPLICIT_RETAIN_SELF = YES;
				CLANG_WARN_OBJC_LITERAL_CONVERSION = YES;
				CLANG_WARN_OBJC_ROOT_CLASS = YES_ERROR;
				CLANG_WARN_QUOTED_INCLUDE_IN_FRAMEWORK_HEADER = YES;
				CLANG_WARN_RANGE_LOOP_ANALYSIS = YES;
				CLANG_WARN_STRICT_PROTOTYPES = YES;
				CLANG_WARN_SUSPICIOUS_MOVE = YES;
				CLANG_WARN_UNGUARDED_AVAILABILITY = YES_AGGRESSIVE;
				CLANG_WARN_UNREACHABLE_CODE = YES;
				CLANG_WARN__DUPLICATE_METHOD_MATCH = YES;
				COPY_PHASE_STRIP = NO;
				DEBUG_INFORMATION_FORMAT = "dwarf-with-dsym";
				ENABLE_NS_ASSERTIONS = NO;
				ENABLE_STRICT_OBJC_MSGSEND = YES;
				GCC_C_LANGUAGE_STANDARD = gnu11;
				GCC_NO_COMMON_BLOCKS = YES;
				GCC_WARN_64_TO_32_BIT_CONVERSION = YES;
				GCC_WARN_ABOUT_RETURN_TYPE = YES_ERROR;
				GCC_WARN_UNDECLARED_SELECTOR = YES;
				GCC_WARN_UNINITIALIZED_AUTOS = YES_AGGRESSIVE;
				GCC_WARN_UNUSED_FUNCTION = YES;
				GCC_WARN_UNUSED_VARIABLE = YES;
				IPHONEOS_DEPLOYMENT_TARGET = 14.5;
				MTL_ENABLE_DEBUG_INFO = NO;
				MTL_FAST_MATH = YES;
				SDKROOT = iphoneos;
				SWIFT_COMPILATION_MODE = wholemodule;
				SWIFT_OPTIMIZATION_LEVEL = "-O";
				VALIDATE_PRODUCT = YES;
			};
			name = Release;
		};
		63A5F43626C1744900B42C34 /* Debug */ = {
			isa = XCBuildConfiguration;
			baseConfigurationReference = 203E3481287E6105C76FF379 /* Pods-Messenger Clone.debug.xcconfig */;
			buildSettings = {
				ASSETCATALOG_COMPILER_APPICON_NAME = AppIcon;
				ASSETCATALOG_COMPILER_GLOBAL_ACCENT_COLOR_NAME = AccentColor;
				CODE_SIGN_STYLE = Automatic;
				DEVELOPMENT_TEAM = P29N523H34;
				INFOPLIST_FILE = "Messenger Clone/Info.plist";
				IPHONEOS_DEPLOYMENT_TARGET = 13.0;
				LD_RUNPATH_SEARCH_PATHS = (
					"$(inherited)",
					"@executable_path/Frameworks",
				);
				PRODUCT_BUNDLE_IDENTIFIER = "com.vaishantmakan.Messenger-Clone";
				PRODUCT_NAME = "$(TARGET_NAME)";
				SWIFT_VERSION = 5.0;
				TARGETED_DEVICE_FAMILY = "1,2";
			};
			name = Debug;
		};
		63A5F43726C1744900B42C34 /* Release */ = {
			isa = XCBuildConfiguration;
			baseConfigurationReference = 9E3C3CB9BFB3D3D56C8905B5 /* Pods-Messenger Clone.release.xcconfig */;
			buildSettings = {
				ASSETCATALOG_COMPILER_APPICON_NAME = AppIcon;
				ASSETCATALOG_COMPILER_GLOBAL_ACCENT_COLOR_NAME = AccentColor;
				CODE_SIGN_STYLE = Automatic;
				DEVELOPMENT_TEAM = P29N523H34;
				INFOPLIST_FILE = "Messenger Clone/Info.plist";
				IPHONEOS_DEPLOYMENT_TARGET = 13.0;
				LD_RUNPATH_SEARCH_PATHS = (
					"$(inherited)",
					"@executable_path/Frameworks",
				);
				PRODUCT_BUNDLE_IDENTIFIER = "com.vaishantmakan.Messenger-Clone";
				PRODUCT_NAME = "$(TARGET_NAME)";
				SWIFT_VERSION = 5.0;
				TARGETED_DEVICE_FAMILY = "1,2";
			};
			name = Release;
		};
/* End XCBuildConfiguration section */

/* Begin XCConfigurationList section */
		63A5F41C26C1744800B42C34 /* Build configuration list for PBXProject "Messenger Clone" */ = {
			isa = XCConfigurationList;
			buildConfigurations = (
				63A5F43326C1744900B42C34 /* Debug */,
				63A5F43426C1744900B42C34 /* Release */,
			);
			defaultConfigurationIsVisible = 0;
			defaultConfigurationName = Release;
		};
		63A5F43526C1744900B42C34 /* Build configuration list for PBXNativeTarget "Messenger Clone" */ = {
			isa = XCConfigurationList;
			buildConfigurations = (
				63A5F43626C1744900B42C34 /* Debug */,
				63A5F43726C1744900B42C34 /* Release */,
			);
			defaultConfigurationIsVisible = 0;
			defaultConfigurationName = Release;
		};
/* End XCConfigurationList section */
	};
	rootObject = 63A5F41926C1744800B42C34 /* Project object */;
}
